
Microsoft Visual Studio Solution File, Format Version 12.00
# Visual Studio Version 16
VisualStudioVersion = 16.0.31112.23
MinimumVisualStudioVersion = 10.0.40219.1
Project("{9A19103F-16F7-4668-BE54-9A1E7A4F7556}") = "BlazorPro.BlazorSize.CssGenerator", "BlazorSize.CssGenerator\BlazorPro.BlazorSize.CssGenerator.csproj", "{BBF78233-2FA7-4161-99A7-0EB785C8678A}"
EndProject
Project("{9A19103F-16F7-4668-BE54-9A1E7A4F7556}") = "BlazorSample.Net6", "BlazorSample.Net6\BlazorSample.Net6.csproj", "{CAA5CEEA-42F9-4C8F-B18B-8EF4C8A3C196}"
EndProject
Global
	GlobalSection(SolutionConfigurationPlatforms) = preSolution
		Debug|Any CPU = Debug|Any CPU
		Release|Any CPU = Release|Any CPU
	EndGlobalSection
	GlobalSection(ProjectConfigurationPlatforms) = postSolution
		{BBF78233-2FA7-4161-99A7-0EB785C8678A}.Debug|Any CPU.ActiveCfg = Debug|Any CPU
		{BBF78233-2FA7-4161-99A7-0EB785C8678A}.Debug|Any CPU.Build.0 = Debug|Any CPU
		{BBF78233-2FA7-4161-99A7-0EB785C8678A}.Release|Any CPU.ActiveCfg = Release|Any CPU
		{BBF78233-2FA7-4161-99A7-0EB785C8678A}.Release|Any CPU.Build.0 = Release|Any CPU
		{CAA5CEEA-42F9-4C8F-B18B-8EF4C8A3C196}.Debug|Any CPU.ActiveCfg = Debug|Any CPU
		{CAA5CEEA-42F9-4C8F-B18B-8EF4C8A3C196}.Debug|Any CPU.Build.0 = Debug|Any CPU
		{CAA5CEEA-42F9-4C8F-B18B-8EF4C8A3C196}.Release|Any CPU.ActiveCfg = Release|Any CPU
		{CAA5CEEA-42F9-4C8F-B18B-8EF4C8A3C196}.Release|Any CPU.Build.0 = Release|Any CPU
	EndGlobalSection
	GlobalSection(SolutionProperties) = preSolution
		HideSolutionNode = FALSE
	EndGlobalSection
	GlobalSection(ExtensibilityGlobals) = postSolution
		SolutionGuid = {586A830B-52F7-492E-BBD7-D4299AD66A23}
	EndGlobalSection
EndGlobal
